
Microsoft Visual Studio Solution File, Format Version 12.00
# Visual Studio Version 16
VisualStudioVersion = 16.0.31205.134
MinimumVisualStudioVersion = 10.0.40219.1
Project("{9A19103F-16F7-4668-BE54-9A1E7A4F7556}") = "YT_Master", "YT_Master\YT_Master.csproj", "{6DFC52C6-9F30-4E85-856F-FA324C37CB3D}"
EndProject
Global
	GlobalSection(SolutionConfigurationPlatforms) = preSolution
		Debug|Any CPU = Debug|Any CPU
		Debug|x64 = Debug|x64
		Debug|x86 = Debug|x86
		Release|Any CPU = Release|Any CPU
		Release|x64 = Release|x64
		Release|x86 = Release|x86
	EndGlobalSection
	GlobalSection(ProjectConfigurationPlatforms) = postSolution
		{6DFC52C6-9F30-4E85-856F-FA324C37CB3D}.Debug|Any CPU.ActiveCfg = Debug|Any CPU
		{6DFC52C6-9F30-4E85-856F-FA324C37CB3D}.Debug|Any CPU.Build.0 = Debug|Any CPU
		{6DFC52C6-9F30-4E85-856F-FA324C37CB3D}.Debug|x64.ActiveCfg = Debug|Any CPU
		{6DFC52C6-9F30-4E85-856F-FA324C37CB3D}.Debug|x64.Build.0 = Debug|Any CPU
		{6DFC52C6-9F30-4E85-856F-FA324C37CB3D}.Debug|x86.ActiveCfg = Debug|Any CPU
		{6DFC52C6-9F30-4E85-856F-FA324C37CB3D}.Debug|x86.Build.0 = Debug|Any CPU
		{6DFC52C6-9F30-4E85-856F-FA324C37CB3D}.Release|Any CPU.ActiveCfg = Release|Any CPU
		{6DFC52C6-9F30-4E85-856F-FA324C37CB3D}.Release|Any CPU.Build.0 = Release|Any CPU
		{6DFC52C6-9F30-4E85-856F-FA324C37CB3D}.Release|x64.ActiveCfg = Release|Any CPU
		{6DFC52C6-9F30-4E85-856F-FA324C37CB3D}.Release|x64.Build.0 = Release|Any CPU
		{6DFC52C6-9F30-4E85-856F-FA324C37CB3D}.Release|x86.ActiveCfg = Release|Any CPU
		{6DFC52C6-9F30-4E85-856F-FA324C37CB3D}.Release|x86.Build.0 = Release|Any CPU
	EndGlobalSection
	GlobalSection(SolutionProperties) = preSolution
		HideSolutionNode = FALSE
	EndGlobalSection
	GlobalSection(ExtensibilityGlobals) = postSolution
		SolutionGuid = {ED6BD7CF-8356-411D-ACCF-9080002C8990}
	EndGlobalSection
EndGlobal
